{
  "name": "@mistweaverco/tree-sitter-kulala",
  "version": "0.0.1",
  "lockfileVersion": 3,
  "requires": true,
  "packages": {
    "": {
      "name": "@mistweaverco/tree-sitter-kulala",
      "version": "0.0.1",
      "hasInstallScript": true,
      "dependencies": {
        "node-addon-api": "8.1.0",
        "node-gyp-build": "4.8.2"
      },
      "devDependencies": {
        "globals": "15.10.0",
        "move-file-cli": "3.0.0",
        "tree-sitter-cli": "0.24.1"
      }
    },
    "node_modules/@babel/code-frame": {
      "version": "7.25.7",
      "resolved": "https://registry.npmjs.org/@babel/code-frame/-/code-frame-7.25.7.tgz",
      "integrity": "sha512-0xZJFNE5XMpENsgfHYTw8FbX4kv53mFLn2i3XPoq69LyhYSCBJtitaHx9QnsVTrsogI4Z3+HtEfZ2/GFPOtf5g==",
      "dev": true,
      "dependencies": {
        "@babel/highlight": "^7.25.7",
        "picocolors": "^1.0.0"
      },
      "engines": {
        "node": ">=6.9.0"
      }
    },
    "node_modules/@babel/helper-validator-identifier": {
      "version": "7.25.7",
      "resolved": "https://registry.npmjs.org/@babel/helper-validator-identifier/-/helper-validator-identifier-7.25.7.tgz",
      "integrity": "sha512-AM6TzwYqGChO45oiuPqwL2t20/HdMC1rTPAesnBCgPCSF1x3oN9MVUwQV2iyz4xqWrctwK5RNC8LV22kaQCNYg==",
      "dev": true,
      "engines": {
        "node": ">=6.9.0"
      }
    },
    "node_modules/@babel/highlight": {
      "version": "7.25.7",
      "resolved": "https://registry.npmjs.org/@babel/highlight/-/highlight-7.25.7.tgz",
      "integrity": "sha512-iYyACpW3iW8Fw+ZybQK+drQre+ns/tKpXbNESfrhNnPLIklLbXr7MYJ6gPEd0iETGLOK+SxMjVvKb/ffmk+FEw==",
      "dev": true,
      "dependencies": {
        "@babel/helper-validator-identifier": "^7.25.7",
        "chalk": "^2.4.2",
        "js-tokens": "^4.0.0",
        "picocolors": "^1.0.0"
      },
      "engines": {
        "node": ">=6.9.0"
      }
    },
    "node_modules/@types/minimist": {
      "version": "1.2.5",
      "resolved": "https://registry.npmjs.org/@types/minimist/-/minimist-1.2.5.tgz",
      "integrity": "sha512-hov8bUuiLiyFPGyFPE1lwWhmzYbirOXQNNo40+y3zow8aFVTeyn3VWL0VFFfdNddA8S4Vf0Tc062rzyNr7Paag==",
      "dev": true
    },
    "node_modules/@types/normalize-package-data": {
      "version": "2.4.4",
      "resolved": "https://registry.npmjs.org/@types/normalize-package-data/-/normalize-package-data-2.4.4.tgz",
      "integrity": "sha512-37i+OaWTh9qeK4LSHPsyRC7NahnGotNuZvjLSgcPzblpHB3rrCJxAOgI5gCdKm7coonsaX1Of0ILiTcnZjbfxA==",
      "dev": true
    },
    "node_modules/ansi-styles": {
      "version": "3.2.1",
      "resolved": "https://registry.npmjs.org/ansi-styles/-/ansi-styles-3.2.1.tgz",
      "integrity": "sha512-VT0ZI6kZRdTh8YyJw3SMbYm/u+NqfsAxEpWO0Pf9sq8/e94WxxOpPKx9FR1FlyCtOVDNOQ+8ntlqFxiRc+r5qA==",
      "dev": true,
      "dependencies": {
        "color-convert": "^1.9.0"
      },
      "engines": {
        "node": ">=4"
      }
    },
    "node_modules/arrify": {
      "version": "1.0.1",
      "resolved": "https://registry.npmjs.org/arrify/-/arrify-1.0.1.tgz",
      "integrity": "sha512-3CYzex9M9FGQjCGMGyi6/31c8GJbgb0qGyrx5HWxPd0aCwh4cB2YjMb2Xf9UuoogrMrlO9cTqnB5rI5GHZTcUA==",
      "dev": true,
      "engines": {
        "node": ">=0.10.0"
      }
    },
    "node_modules/camelcase": {
      "version": "6.3.0",
      "resolved": "https://registry.npmjs.org/camelcase/-/camelcase-6.3.0.tgz",
      "integrity": "sha512-Gmy6FhYlCY7uOElZUSbxo2UCDH8owEk996gkbrpsgGtrJLM3J7jGxl9Ic7Qwwj4ivOE5AWZWRMecDdF7hqGjFA==",
      "dev": true,
      "engines": {
        "node": ">=10"
      },
      "funding": {
        "url": "https://github.com/sponsors/sindresorhus"
      }
    },
    "node_modules/camelcase-keys": {
      "version": "7.0.2",
      "resolved": "https://registry.npmjs.org/camelcase-keys/-/camelcase-keys-7.0.2.tgz",
      "integrity": "sha512-Rjs1H+A9R+Ig+4E/9oyB66UC5Mj9Xq3N//vcLf2WzgdTi/3gUu3Z9KoqmlrEG4VuuLK8wJHofxzdQXz/knhiYg==",
      "dev": true,
      "dependencies": {
        "camelcase": "^6.3.0",
        "map-obj": "^4.1.0",
        "quick-lru": "^5.1.1",
        "type-fest": "^1.2.1"
      },
      "engines": {
        "node": ">=12"
      },
      "funding": {
        "url": "https://github.com/sponsors/sindresorhus"
      }
    },
    "node_modules/chalk": {
      "version": "2.4.2",
      "resolved": "https://registry.npmjs.org/chalk/-/chalk-2.4.2.tgz",
      "integrity": "sha512-Mti+f9lpJNcwF4tWV8/OrTTtF1gZi+f8FqlyAdouralcFWFQWF2+NgCHShjkCb+IFBLq9buZwE1xckQU4peSuQ==",
      "dev": true,
      "dependencies": {
        "ansi-styles": "^3.2.1",
        "escape-string-regexp": "^1.0.5",
        "supports-color": "^5.3.0"
      },
      "engines": {
        "node": ">=4"
      }
    },
    "node_modules/color-convert": {
      "version": "1.9.3",
      "resolved": "https://registry.npmjs.org/color-convert/-/color-convert-1.9.3.tgz",
      "integrity": "sha512-QfAUtd+vFdAtFQcC8CCyYt1fYWxSqAiK2cSD6zDB8N3cpsEBAvRxp9zOGg6G/SHHJYAT88/az/IuDGALsNVbGg==",
      "dev": true,
      "dependencies": {
        "color-name": "1.1.3"
      }
    },
    "node_modules/color-name": {
      "version": "1.1.3",
      "resolved": "https://registry.npmjs.org/color-name/-/color-name-1.1.3.tgz",
      "integrity": "sha512-72fSenhMw2HZMTVHeCA9KCmpEIbzWiQsjN+BHcBbS9vr1mtt+vJjPdksIBNUmKAW8TFUDPJK5SUU3QhE9NEXDw==",
      "dev": true
    },
    "node_modules/decamelize": {
      "version": "5.0.1",
      "resolved": "https://registry.npmjs.org/decamelize/-/decamelize-5.0.1.tgz",
      "integrity": "sha512-VfxadyCECXgQlkoEAjeghAr5gY3Hf+IKjKb+X8tGVDtveCjN+USwprd2q3QXBR9T1+x2DG0XZF5/w+7HAtSaXA==",
      "dev": true,
      "engines": {
        "node": ">=10"
      },
      "funding": {
        "url": "https://github.com/sponsors/sindresorhus"
      }
    },
    "node_modules/decamelize-keys": {
      "version": "1.1.1",
      "resolved": "https://registry.npmjs.org/decamelize-keys/-/decamelize-keys-1.1.1.tgz",
      "integrity": "sha512-WiPxgEirIV0/eIOMcnFBA3/IJZAZqKnwAwWyvvdi4lsr1WCN22nhdf/3db3DoZcUjTV2SqfzIwNyp6y2xs3nmg==",
      "dev": true,
      "dependencies": {
        "decamelize": "^1.1.0",
        "map-obj": "^1.0.0"
      },
      "engines": {
        "node": ">=0.10.0"
      },
      "funding": {
        "url": "https://github.com/sponsors/sindresorhus"
      }
    },
    "node_modules/decamelize-keys/node_modules/decamelize": {
      "version": "1.2.0",
      "resolved": "https://registry.npmjs.org/decamelize/-/decamelize-1.2.0.tgz",
      "integrity": "sha512-z2S+W9X73hAUUki+N+9Za2lBlun89zigOyGrsax+KUQ6wKW4ZoWpEYBkGhQjwAjjDCkWxhY0VKEhk8wzY7F5cA==",
      "dev": true,
      "engines": {
        "node": ">=0.10.0"
      }
    },
    "node_modules/decamelize-keys/node_modules/map-obj": {
      "version": "1.0.1",
      "resolved": "https://registry.npmjs.org/map-obj/-/map-obj-1.0.1.tgz",
      "integrity": "sha512-7N/q3lyZ+LVCp7PzuxrJr4KMbBE2hW7BT7YNia330OFxIf4d3r5zVpicP2650l7CPN6RM9zOJRl3NGpqSiw3Eg==",
      "dev": true,
      "engines": {
        "node": ">=0.10.0"
      }
    },
    "node_modules/error-ex": {
      "version": "1.3.2",
      "resolved": "https://registry.npmjs.org/error-ex/-/error-ex-1.3.2.tgz",
      "integrity": "sha512-7dFHNmqeFSEt2ZBsCriorKnn3Z2pj+fd9kmI6QoWw4//DL+icEBfc0U7qJCisqrTsKTjw4fNFy2pW9OqStD84g==",
      "dev": true,
      "dependencies": {
        "is-arrayish": "^0.2.1"
      }
    },
    "node_modules/escape-string-regexp": {
      "version": "1.0.5",
      "resolved": "https://registry.npmjs.org/escape-string-regexp/-/escape-string-regexp-1.0.5.tgz",
      "integrity": "sha512-vbRorB5FUQWvla16U8R/qgaFIya2qGzwDrNmCZuYKrbdSUMG6I1ZCGQRefkRVhuOkIGVne7BQ35DSfo1qvJqFg==",
      "dev": true,
      "engines": {
        "node": ">=0.8.0"
      }
    },
    "node_modules/find-up": {
      "version": "5.0.0",
      "resolved": "https://registry.npmjs.org/find-up/-/find-up-5.0.0.tgz",
      "integrity": "sha512-78/PXT1wlLLDgTzDs7sjq9hzz0vXD+zn+7wypEe4fXQxCmdmqfGsEPQxmiCSQI3ajFV91bVSsvNtrJRiW6nGng==",
      "dev": true,
      "dependencies": {
        "locate-path": "^6.0.0",
        "path-exists": "^4.0.0"
      },
      "engines": {
        "node": ">=10"
      },
      "funding": {
        "url": "https://github.com/sponsors/sindresorhus"
      }
    },
    "node_modules/find-up/node_modules/path-exists": {
      "version": "4.0.0",
      "resolved": "https://registry.npmjs.org/path-exists/-/path-exists-4.0.0.tgz",
      "integrity": "sha512-ak9Qy5Q7jYb2Wwcey5Fpvg2KoAc/ZIhLSLOSBmRmygPsGwkVVt0fZa0qrtMz+m6tJTAHfZQ8FnmB4MG4LWy7/w==",
      "dev": true,
      "engines": {
        "node": ">=8"
      }
    },
    "node_modules/function-bind": {
      "version": "1.1.2",
      "resolved": "https://registry.npmjs.org/function-bind/-/function-bind-1.1.2.tgz",
      "integrity": "sha512-7XHNxH7qX9xG5mIwxkhumTox/MIRNcOgDrxWsMt2pAr23WHp6MrRlN7FBSFpCpr+oVO0F744iUgR82nJMfG2SA==",
      "dev": true,
      "funding": {
        "url": "https://github.com/sponsors/ljharb"
      }
    },
    "node_modules/globals": {
      "version": "15.10.0",
      "resolved": "https://registry.npmjs.org/globals/-/globals-15.10.0.tgz",
      "integrity": "sha512-tqFIbz83w4Y5TCbtgjZjApohbuh7K9BxGYFm7ifwDR240tvdb7P9x+/9VvUKlmkPoiknoJtanI8UOrqxS3a7lQ==",
      "dev": true,
      "engines": {
        "node": ">=18"
      },
      "funding": {
        "url": "https://github.com/sponsors/sindresorhus"
      }
    },
    "node_modules/hard-rejection": {
      "version": "2.1.0",
      "resolved": "https://registry.npmjs.org/hard-rejection/-/hard-rejection-2.1.0.tgz",
      "integrity": "sha512-VIZB+ibDhx7ObhAe7OVtoEbuP4h/MuOTHJ+J8h/eBXotJYl0fBgR72xDFCKgIh22OJZIOVNxBMWuhAr10r8HdA==",
      "dev": true,
      "engines": {
        "node": ">=6"
      }
    },
    "node_modules/has-flag": {
      "version": "3.0.0",
      "resolved": "https://registry.npmjs.org/has-flag/-/has-flag-3.0.0.tgz",
      "integrity": "sha512-sKJf1+ceQBr4SMkvQnBDNDtf4TXpVhVGateu0t918bl30FnbE2m4vNLX+VWe/dpjlb+HugGYzW7uQXH98HPEYw==",
      "dev": true,
      "engines": {
        "node": ">=4"
      }
    },
    "node_modules/hasown": {
      "version": "2.0.2",
      "resolved": "https://registry.npmjs.org/hasown/-/hasown-2.0.2.tgz",
      "integrity": "sha512-0hJU9SCPvmMzIBdZFqNPXWa6dqh7WdH0cII9y+CyS8rG3nL48Bclra9HmKhVVUHyPWNH5Y7xDwAB7bfgSjkUMQ==",
      "dev": true,
      "dependencies": {
        "function-bind": "^1.1.2"
      },
      "engines": {
        "node": ">= 0.4"
      }
    },
    "node_modules/hosted-git-info": {
      "version": "4.1.0",
      "resolved": "https://registry.npmjs.org/hosted-git-info/-/hosted-git-info-4.1.0.tgz",
      "integrity": "sha512-kyCuEOWjJqZuDbRHzL8V93NzQhwIB71oFWSyzVo+KPZI+pnQPPxucdkrOZvkLRnrf5URsQM+IJ09Dw29cRALIA==",
      "dev": true,
      "dependencies": {
        "lru-cache": "^6.0.0"
      },
      "engines": {
        "node": ">=10"
      }
    },
    "node_modules/indent-string": {
      "version": "5.0.0",
      "resolved": "https://registry.npmjs.org/indent-string/-/indent-string-5.0.0.tgz",
      "integrity": "sha512-m6FAo/spmsW2Ab2fU35JTYwtOKa2yAwXSwgjSv1TJzh4Mh7mC3lzAOVLBprb72XsTrgkEIsl7YrFNAiDiRhIGg==",
      "dev": true,
      "engines": {
        "node": ">=12"
      },
      "funding": {
        "url": "https://github.com/sponsors/sindresorhus"
      }
    },
    "node_modules/is-arrayish": {
      "version": "0.2.1",
      "resolved": "https://registry.npmjs.org/is-arrayish/-/is-arrayish-0.2.1.tgz",
      "integrity": "sha512-zz06S8t0ozoDXMG+ube26zeCTNXcKIPJZJi8hBrF4idCLms4CG9QtK7qBl1boi5ODzFpjswb5JPmHCbMpjaYzg==",
      "dev": true
    },
    "node_modules/is-core-module": {
      "version": "2.15.1",
      "resolved": "https://registry.npmjs.org/is-core-module/-/is-core-module-2.15.1.tgz",
      "integrity": "sha512-z0vtXSwucUJtANQWldhbtbt7BnL0vxiFjIdDLAatwhDYty2bad6s+rijD6Ri4YuYJubLzIJLUidCh09e1djEVQ==",
      "dev": true,
      "dependencies": {
        "hasown": "^2.0.2"
      },
      "engines": {
        "node": ">= 0.4"
      },
      "funding": {
        "url": "https://github.com/sponsors/ljharb"
      }
    },
    "node_modules/is-plain-obj": {
      "version": "1.1.0",
      "resolved": "https://registry.npmjs.org/is-plain-obj/-/is-plain-obj-1.1.0.tgz",
      "integrity": "sha512-yvkRyxmFKEOQ4pNXCmJG5AEQNlXJS5LaONXo5/cLdTZdWvsZ1ioJEonLGAosKlMWE8lwUy/bJzMjcw8az73+Fg==",
      "dev": true,
      "engines": {
        "node": ">=0.10.0"
      }
    },
    "node_modules/js-tokens": {
      "version": "4.0.0",
      "resolved": "https://registry.npmjs.org/js-tokens/-/js-tokens-4.0.0.tgz",
      "integrity": "sha512-RdJUflcE3cUzKiMqQgsCu06FPu9UdIJO0beYbPhHN4k6apgJtifcoCtT9bcxOpYBtpD2kCM6Sbzg4CausW/PKQ==",
      "dev": true
    },
    "node_modules/json-parse-even-better-errors": {
      "version": "2.3.1",
      "resolved": "https://registry.npmjs.org/json-parse-even-better-errors/-/json-parse-even-better-errors-2.3.1.tgz",
      "integrity": "sha512-xyFwyhro/JEof6Ghe2iz2NcXoj2sloNsWr/XsERDK/oiPCfaNhl5ONfp+jQdAZRQQ0IJWNzH9zIZF7li91kh2w==",
      "dev": true
    },
    "node_modules/kind-of": {
      "version": "6.0.3",
      "resolved": "https://registry.npmjs.org/kind-of/-/kind-of-6.0.3.tgz",
      "integrity": "sha512-dcS1ul+9tmeD95T+x28/ehLgd9mENa3LsvDTtzm3vyBEO7RPptvAD+t44WVXaUjTBRcrpFeFlC8WCruUR456hw==",
      "dev": true,
      "engines": {
        "node": ">=0.10.0"
      }
    },
    "node_modules/lines-and-columns": {
      "version": "1.2.4",
      "resolved": "https://registry.npmjs.org/lines-and-columns/-/lines-and-columns-1.2.4.tgz",
      "integrity": "sha512-7ylylesZQ/PV29jhEDl3Ufjo6ZX7gCqJr5F7PKrqc93v7fzSymt1BpwEU8nAUXs8qzzvqhbjhK5QZg6Mt/HkBg==",
      "dev": true
    },
    "node_modules/locate-path": {
      "version": "6.0.0",
      "resolved": "https://registry.npmjs.org/locate-path/-/locate-path-6.0.0.tgz",
      "integrity": "sha512-iPZK6eYjbxRu3uB4/WZ3EsEIMJFMqAoopl3R+zuq0UjcAm/MO6KCweDgPfP3elTztoKP3KtnVHxTn2NHBSDVUw==",
      "dev": true,
      "dependencies": {
        "p-locate": "^5.0.0"
      },
      "engines": {
        "node": ">=10"
      },
      "funding": {
        "url": "https://github.com/sponsors/sindresorhus"
      }
    },
    "node_modules/lru-cache": {
      "version": "6.0.0",
      "resolved": "https://registry.npmjs.org/lru-cache/-/lru-cache-6.0.0.tgz",
      "integrity": "sha512-Jo6dJ04CmSjuznwJSS3pUeWmd/H0ffTlkXXgwZi+eq1UCmqQwCh+eLsYOYCwY991i2Fah4h1BEMCx4qThGbsiA==",
      "dev": true,
      "dependencies": {
        "yallist": "^4.0.0"
      },
      "engines": {
        "node": ">=10"
      }
    },
    "node_modules/map-obj": {
      "version": "4.3.0",
      "resolved": "https://registry.npmjs.org/map-obj/-/map-obj-4.3.0.tgz",
      "integrity": "sha512-hdN1wVrZbb29eBGiGjJbeP8JbKjq1urkHJ/LIP/NY48MZ1QVXUsQBV1G1zvYFHn1XE06cwjBsOI2K3Ulnj1YXQ==",
      "dev": true,
      "engines": {
        "node": ">=8"
      },
      "funding": {
        "url": "https://github.com/sponsors/sindresorhus"
      }
    },
    "node_modules/meow": {
      "version": "10.1.5",
      "resolved": "https://registry.npmjs.org/meow/-/meow-10.1.5.tgz",
      "integrity": "sha512-/d+PQ4GKmGvM9Bee/DPa8z3mXs/pkvJE2KEThngVNOqtmljC6K7NMPxtc2JeZYTmpWb9k/TmxjeL18ez3h7vCw==",
      "dev": true,
      "dependencies": {
        "@types/minimist": "^1.2.2",
        "camelcase-keys": "^7.0.0",
        "decamelize": "^5.0.0",
        "decamelize-keys": "^1.1.0",
        "hard-rejection": "^2.1.0",
        "minimist-options": "4.1.0",
        "normalize-package-data": "^3.0.2",
        "read-pkg-up": "^8.0.0",
        "redent": "^4.0.0",
        "trim-newlines": "^4.0.2",
        "type-fest": "^1.2.2",
        "yargs-parser": "^20.2.9"
      },
      "engines": {
        "node": "^12.20.0 || ^14.13.1 || >=16.0.0"
      },
      "funding": {
        "url": "https://github.com/sponsors/sindresorhus"
      }
    },
    "node_modules/min-indent": {
      "version": "1.0.1",
      "resolved": "https://registry.npmjs.org/min-indent/-/min-indent-1.0.1.tgz",
      "integrity": "sha512-I9jwMn07Sy/IwOj3zVkVik2JTvgpaykDZEigL6Rx6N9LbMywwUSMtxET+7lVoDLLd3O3IXwJwvuuns8UB/HeAg==",
      "dev": true,
      "engines": {
        "node": ">=4"
      }
    },
    "node_modules/minimist-options": {
      "version": "4.1.0",
      "resolved": "https://registry.npmjs.org/minimist-options/-/minimist-options-4.1.0.tgz",
      "integrity": "sha512-Q4r8ghd80yhO/0j1O3B2BjweX3fiHg9cdOwjJd2J76Q135c+NDxGCqdYKQ1SKBuFfgWbAUzBfvYjPUEeNgqN1A==",
      "dev": true,
      "dependencies": {
        "arrify": "^1.0.1",
        "is-plain-obj": "^1.1.0",
        "kind-of": "^6.0.3"
      },
      "engines": {
        "node": ">= 6"
      }
    },
    "node_modules/move-file": {
      "version": "3.1.0",
      "resolved": "https://registry.npmjs.org/move-file/-/move-file-3.1.0.tgz",
      "integrity": "sha512-4aE3U7CCBWgrQlQDMq8da4woBWDGHioJFiOZ8Ie6Yq2uwYQ9V2kGhTz4x3u6Wc+OU17nw0yc3rJ/lQ4jIiPe3A==",
      "dev": true,
      "dependencies": {
        "path-exists": "^5.0.0"
      },
      "engines": {
        "node": "^12.20.0 || ^14.13.1 || >=16.0.0"
      },
      "funding": {
        "url": "https://github.com/sponsors/sindresorhus"
      }
    },
    "node_modules/move-file-cli": {
      "version": "3.0.0",
      "resolved": "https://registry.npmjs.org/move-file-cli/-/move-file-cli-3.0.0.tgz",
      "integrity": "sha512-d9ef0fnyX6K/1sKvKG1F0cssJpIrzxWITjkiq3ufC/GQcMNsPMaNEmv+PnPdlBBzRAy4/EMkLkeQfuL946okuQ==",
      "dev": true,
      "dependencies": {
        "meow": "^10.1.1",
        "move-file": "^3.0.0"
      },
      "bin": {
        "move-file": "cli.js"
      },
      "engines": {
        "node": "^12.20.0 || ^14.13.1 || >=16.0.0"
      },
      "funding": {
        "url": "https://github.com/sponsors/sindresorhus"
      }
    },
    "node_modules/node-addon-api": {
      "version": "8.1.0",
      "resolved": "https://registry.npmjs.org/node-addon-api/-/node-addon-api-8.1.0.tgz",
      "integrity": "sha512-yBY+qqWSv3dWKGODD6OGE6GnTX7Q2r+4+DfpqxHSHh8x0B4EKP9+wVGLS6U/AM1vxSNNmUEuIV5EGhYwPpfOwQ==",
      "engines": {
        "node": "^18 || ^20 || >= 21"
      }
    },
    "node_modules/node-gyp-build": {
      "version": "4.8.2",
      "resolved": "https://registry.npmjs.org/node-gyp-build/-/node-gyp-build-4.8.2.tgz",
      "integrity": "sha512-IRUxE4BVsHWXkV/SFOut4qTlagw2aM8T5/vnTsmrHJvVoKueJHRc/JaFND7QDDc61kLYUJ6qlZM3sqTSyx2dTw==",
      "bin": {
        "node-gyp-build": "bin.js",
        "node-gyp-build-optional": "optional.js",
        "node-gyp-build-test": "build-test.js"
      }
    },
    "node_modules/normalize-package-data": {
      "version": "3.0.3",
      "resolved": "https://registry.npmjs.org/normalize-package-data/-/normalize-package-data-3.0.3.tgz",
      "integrity": "sha512-p2W1sgqij3zMMyRC067Dg16bfzVH+w7hyegmpIvZ4JNjqtGOVAIvLmjBx3yP7YTe9vKJgkoNOPjwQGogDoMXFA==",
      "dev": true,
      "dependencies": {
        "hosted-git-info": "^4.0.1",
        "is-core-module": "^2.5.0",
        "semver": "^7.3.4",
        "validate-npm-package-license": "^3.0.1"
      },
      "engines": {
        "node": ">=10"
      }
    },
    "node_modules/p-limit": {
      "version": "3.1.0",
      "resolved": "https://registry.npmjs.org/p-limit/-/p-limit-3.1.0.tgz",
      "integrity": "sha512-TYOanM3wGwNGsZN2cVTYPArw454xnXj5qmWF1bEoAc4+cU/ol7GVh7odevjp1FNHduHc3KZMcFduxU5Xc6uJRQ==",
      "dev": true,
      "dependencies": {
        "yocto-queue": "^0.1.0"
      },
      "engines": {
        "node": ">=10"
      },
      "funding": {
        "url": "https://github.com/sponsors/sindresorhus"
      }
    },
    "node_modules/p-locate": {
      "version": "5.0.0",
      "resolved": "https://registry.npmjs.org/p-locate/-/p-locate-5.0.0.tgz",
      "integrity": "sha512-LaNjtRWUBY++zB5nE/NwcaoMylSPk+S+ZHNB1TzdbMJMny6dynpAGt7X/tl/QYq3TIeE6nxHppbo2LGymrG5Pw==",
      "dev": true,
      "dependencies": {
        "p-limit": "^3.0.2"
      },
      "engines": {
        "node": ">=10"
      },
      "funding": {
        "url": "https://github.com/sponsors/sindresorhus"
      }
    },
    "node_modules/parse-json": {
      "version": "5.2.0",
      "resolved": "https://registry.npmjs.org/parse-json/-/parse-json-5.2.0.tgz",
      "integrity": "sha512-ayCKvm/phCGxOkYRSCM82iDwct8/EonSEgCSxWxD7ve6jHggsFl4fZVQBPRNgQoKiuV/odhFrGzQXZwbifC8Rg==",
      "dev": true,
      "dependencies": {
        "@babel/code-frame": "^7.0.0",
        "error-ex": "^1.3.1",
        "json-parse-even-better-errors": "^2.3.0",
        "lines-and-columns": "^1.1.6"
      },
      "engines": {
        "node": ">=8"
      },
      "funding": {
        "url": "https://github.com/sponsors/sindresorhus"
      }
    },
    "node_modules/path-exists": {
      "version": "5.0.0",
      "resolved": "https://registry.npmjs.org/path-exists/-/path-exists-5.0.0.tgz",
      "integrity": "sha512-RjhtfwJOxzcFmNOi6ltcbcu4Iu+FL3zEj83dk4kAS+fVpTxXLO1b38RvJgT/0QwvV/L3aY9TAnyv0EOqW4GoMQ==",
      "dev": true,
      "engines": {
        "node": "^12.20.0 || ^14.13.1 || >=16.0.0"
      }
    },
    "node_modules/picocolors": {
      "version": "1.1.0",
      "resolved": "https://registry.npmjs.org/picocolors/-/picocolors-1.1.0.tgz",
      "integrity": "sha512-TQ92mBOW0l3LeMeyLV6mzy/kWr8lkd/hp3mTg7wYK7zJhuBStmGMBG0BdeDZS/dZx1IukaX6Bk11zcln25o1Aw==",
      "dev": true
    },
    "node_modules/quick-lru": {
      "version": "5.1.1",
      "resolved": "https://registry.npmjs.org/quick-lru/-/quick-lru-5.1.1.tgz",
      "integrity": "sha512-WuyALRjWPDGtt/wzJiadO5AXY+8hZ80hVpe6MyivgraREW751X3SbhRvG3eLKOYN+8VEvqLcf3wdnt44Z4S4SA==",
      "dev": true,
      "engines": {
        "node": ">=10"
      },
      "funding": {
        "url": "https://github.com/sponsors/sindresorhus"
      }
    },
    "node_modules/read-pkg": {
      "version": "6.0.0",
      "resolved": "https://registry.npmjs.org/read-pkg/-/read-pkg-6.0.0.tgz",
      "integrity": "sha512-X1Fu3dPuk/8ZLsMhEj5f4wFAF0DWoK7qhGJvgaijocXxBmSToKfbFtqbxMO7bVjNA1dmE5huAzjXj/ey86iw9Q==",
      "dev": true,
      "dependencies": {
        "@types/normalize-package-data": "^2.4.0",
        "normalize-package-data": "^3.0.2",
        "parse-json": "^5.2.0",
        "type-fest": "^1.0.1"
      },
      "engines": {
        "node": ">=12"
      },
      "funding": {
        "url": "https://github.com/sponsors/sindresorhus"
      }
    },
    "node_modules/read-pkg-up": {
      "version": "8.0.0",
      "resolved": "https://registry.npmjs.org/read-pkg-up/-/read-pkg-up-8.0.0.tgz",
      "integrity": "sha512-snVCqPczksT0HS2EC+SxUndvSzn6LRCwpfSvLrIfR5BKDQQZMaI6jPRC9dYvYFDRAuFEAnkwww8kBBNE/3VvzQ==",
      "dev": true,
      "dependencies": {
        "find-up": "^5.0.0",
        "read-pkg": "^6.0.0",
        "type-fest": "^1.0.1"
      },
      "engines": {
        "node": ">=12"
      },
      "funding": {
        "url": "https://github.com/sponsors/sindresorhus"
      }
    },
    "node_modules/redent": {
      "version": "4.0.0",
      "resolved": "https://registry.npmjs.org/redent/-/redent-4.0.0.tgz",
      "integrity": "sha512-tYkDkVVtYkSVhuQ4zBgfvciymHaeuel+zFKXShfDnFP5SyVEP7qo70Rf1jTOTCx3vGNAbnEi/xFkcfQVMIBWag==",
      "dev": true,
      "dependencies": {
        "indent-string": "^5.0.0",
        "strip-indent": "^4.0.0"
      },
      "engines": {
        "node": ">=12"
      },
      "funding": {
        "url": "https://github.com/sponsors/sindresorhus"
      }
    },
    "node_modules/semver": {
      "version": "7.6.3",
      "resolved": "https://registry.npmjs.org/semver/-/semver-7.6.3.tgz",
      "integrity": "sha512-oVekP1cKtI+CTDvHWYFUcMtsK/00wmAEfyqKfNdARm8u1wNVhSgaX7A8d4UuIlUI5e84iEwOhs7ZPYRmzU9U6A==",
      "dev": true,
      "bin": {
        "semver": "bin/semver.js"
      },
      "engines": {
        "node": ">=10"
      }
    },
    "node_modules/spdx-correct": {
      "version": "3.2.0",
      "resolved": "https://registry.npmjs.org/spdx-correct/-/spdx-correct-3.2.0.tgz",
      "integrity": "sha512-kN9dJbvnySHULIluDHy32WHRUu3Og7B9sbY7tsFLctQkIqnMh3hErYgdMjTYuqmcXX+lK5T1lnUt3G7zNswmZA==",
      "dev": true,
      "dependencies": {
        "spdx-expression-parse": "^3.0.0",
        "spdx-license-ids": "^3.0.0"
      }
    },
    "node_modules/spdx-exceptions": {
      "version": "2.5.0",
      "resolved": "https://registry.npmjs.org/spdx-exceptions/-/spdx-exceptions-2.5.0.tgz",
      "integrity": "sha512-PiU42r+xO4UbUS1buo3LPJkjlO7430Xn5SVAhdpzzsPHsjbYVflnnFdATgabnLude+Cqu25p6N+g2lw/PFsa4w==",
      "dev": true
    },
    "node_modules/spdx-expression-parse": {
      "version": "3.0.1",
      "resolved": "https://registry.npmjs.org/spdx-expression-parse/-/spdx-expression-parse-3.0.1.tgz",
      "integrity": "sha512-cbqHunsQWnJNE6KhVSMsMeH5H/L9EpymbzqTQ3uLwNCLZ1Q481oWaofqH7nO6V07xlXwY6PhQdQ2IedWx/ZK4Q==",
      "dev": true,
      "dependencies": {
        "spdx-exceptions": "^2.1.0",
        "spdx-license-ids": "^3.0.0"
      }
    },
    "node_modules/spdx-license-ids": {
      "version": "3.0.20",
      "resolved": "https://registry.npmjs.org/spdx-license-ids/-/spdx-license-ids-3.0.20.tgz",
      "integrity": "sha512-jg25NiDV/1fLtSgEgyvVyDunvaNHbuwF9lfNV17gSmPFAlYzdfNBlLtLzXTevwkPj7DhGbmN9VnmJIgLnhvaBw==",
      "dev": true
    },
    "node_modules/strip-indent": {
      "version": "4.0.0",
      "resolved": "https://registry.npmjs.org/strip-indent/-/strip-indent-4.0.0.tgz",
      "integrity": "sha512-mnVSV2l+Zv6BLpSD/8V87CW/y9EmmbYzGCIavsnsI6/nwn26DwffM/yztm30Z/I2DY9wdS3vXVCMnHDgZaVNoA==",
      "dev": true,
      "dependencies": {
        "min-indent": "^1.0.1"
      },
      "engines": {
        "node": ">=12"
      },
      "funding": {
        "url": "https://github.com/sponsors/sindresorhus"
      }
    },
    "node_modules/supports-color": {
      "version": "5.5.0",
      "resolved": "https://registry.npmjs.org/supports-color/-/supports-color-5.5.0.tgz",
      "integrity": "sha512-QjVjwdXIt408MIiAqCX4oUKsgU2EqAGzs2Ppkm4aQYbjm+ZEWEcW4SfFNTr4uMNZma0ey4f5lgLrkB0aX0QMow==",
      "dev": true,
      "dependencies": {
        "has-flag": "^3.0.0"
      },
      "engines": {
        "node": ">=4"
      }
    },
    "node_modules/tree-sitter-cli": {
      "version": "0.24.1",
      "resolved": "https://registry.npmjs.org/tree-sitter-cli/-/tree-sitter-cli-0.24.1.tgz",
      "integrity": "sha512-FuMwz8Ix2epWw4lAABiv5FUemZmVrcWHCqL+xsHMj7GM6yzVGkyp/lOLEmon/umi213v217DiPEVk9ckZ7Rmcw==",
      "dev": true,
      "hasInstallScript": true,
      "bin": {
        "tree-sitter": "cli.js"
      },
      "engines": {
        "node": ">=12.0.0"
      }
    },
    "node_modules/trim-newlines": {
      "version": "4.1.1",
      "resolved": "https://registry.npmjs.org/trim-newlines/-/trim-newlines-4.1.1.tgz",
      "integrity": "sha512-jRKj0n0jXWo6kh62nA5TEh3+4igKDXLvzBJcPpiizP7oOolUrYIxmVBG9TOtHYFHoddUk6YvAkGeGoSVTXfQXQ==",
      "dev": true,
      "engines": {
        "node": ">=12"
      },
      "funding": {
        "url": "https://github.com/sponsors/sindresorhus"
      }
    },
    "node_modules/type-fest": {
      "version": "1.4.0",
      "resolved": "https://registry.npmjs.org/type-fest/-/type-fest-1.4.0.tgz",
      "integrity": "sha512-yGSza74xk0UG8k+pLh5oeoYirvIiWo5t0/o3zHHAO2tRDiZcxWP7fywNlXhqb6/r6sWvwi+RsyQMWhVLe4BVuA==",
      "dev": true,
      "engines": {
        "node": ">=10"
      },
      "funding": {
        "url": "https://github.com/sponsors/sindresorhus"
      }
    },
    "node_modules/validate-npm-package-license": {
      "version": "3.0.4",
      "resolved": "https://registry.npmjs.org/validate-npm-package-license/-/validate-npm-package-license-3.0.4.tgz",
      "integrity": "sha512-DpKm2Ui/xN7/HQKCtpZxoRWBhZ9Z0kqtygG8XCgNQ8ZlDnxuQmWhj566j8fN4Cu3/JmbhsDo7fcAJq4s9h27Ew==",
      "dev": true,
      "dependencies": {
        "spdx-correct": "^3.0.0",
        "spdx-expression-parse": "^3.0.0"
      }
    },
    "node_modules/yallist": {
      "version": "4.0.0",
      "resolved": "https://registry.npmjs.org/yallist/-/yallist-4.0.0.tgz",
      "integrity": "sha512-3wdGidZyq5PB084XLES5TpOSRA3wjXAlIWMhum2kRcv/41Sn2emQ0dycQW4uZXLejwKvg6EsvbdlVL+FYEct7A==",
      "dev": true
    },
    "node_modules/yargs-parser": {
      "version": "20.2.9",
      "resolved": "https://registry.npmjs.org/yargs-parser/-/yargs-parser-20.2.9.tgz",
      "integrity": "sha512-y11nGElTIV+CT3Zv9t7VKl+Q3hTQoT9a1Qzezhhl6Rp21gJ/IVTW7Z3y9EWXhuUBC2Shnf+DX0antecpAwSP8w==",
      "dev": true,
      "engines": {
        "node": ">=10"
      }
    },
    "node_modules/yocto-queue": {
      "version": "0.1.0",
      "resolved": "https://registry.npmjs.org/yocto-queue/-/yocto-queue-0.1.0.tgz",
      "integrity": "sha512-rVksvsnNCdJ/ohGc6xgPwyN8eheCxsiLM8mxuE/t/mOVqJewPuO1miLpTHQiRgTKCLexL4MeAFVagts7HmNZ2Q==",
      "dev": true,
      "engines": {
        "node": ">=10"
      },
      "funding": {
        "url": "https://github.com/sponsors/sindresorhus"
      }
    }
  }
}
